
Microsoft Visual Studio Solution File, Format Version 12.00
# Visual Studio 14
VisualStudioVersion = 14.0.25420.1
MinimumVisualStudioVersion = 10.0.40219.1
Project("{FAE04EC0-301F-11D3-BF4B-00C04F79EFBC}") = "ChatService", "Service\ChatService.csproj", "{878EED48-0C17-4358-92EF-A24C4BE21C3F}"
EndProject
Project("{FAE04EC0-301F-11D3-BF4B-00C04F79EFBC}") = "ChatHost", "ChatHost\ChatHost.csproj", "{F6637BB3-05E0-4AA0-B5AD-A44B27D7AFDD}"
EndProject
Project("{FAE04EC0-301F-11D3-BF4B-00C04F79EFBC}") = "ChatClient", "ChatClient\ChatClient.csproj", "{5B5692CF-AA89-46DE-928D-4C75FE72A0B8}"
EndProject
Global
	GlobalSection(SolutionConfigurationPlatforms) = preSolution
		Debug|Any CPU = Debug|Any CPU
		Release|Any CPU = Release|Any CPU
	EndGlobalSection
	GlobalSection(ProjectConfigurationPlatforms) = postSolution
		{878EED48-0C17-4358-92EF-A24C4BE21C3F}.Debug|Any CPU.ActiveCfg = Debug|Any CPU
		{878EED48-0C17-4358-92EF-A24C4BE21C3F}.Debug|Any CPU.Build.0 = Debug|Any CPU
		{878EED48-0C17-4358-92EF-A24C4BE21C3F}.Release|Any CPU.ActiveCfg = Release|Any CPU
		{878EED48-0C17-4358-92EF-A24C4BE21C3F}.Release|Any CPU.Build.0 = Release|Any CPU
		{F6637BB3-05E0-4AA0-B5AD-A44B27D7AFDD}.Debug|Any CPU.ActiveCfg = Debug|Any CPU
		{F6637BB3-05E0-4AA0-B5AD-A44B27D7AFDD}.Debug|Any CPU.Build.0 = Debug|Any CPU
		{F6637BB3-05E0-4AA0-B5AD-A44B27D7AFDD}.Release|Any CPU.ActiveCfg = Release|Any CPU
		{F6637BB3-05E0-4AA0-B5AD-A44B27D7AFDD}.Release|Any CPU.Build.0 = Release|Any CPU
		{5B5692CF-AA89-46DE-928D-4C75FE72A0B8}.Debug|Any CPU.ActiveCfg = Debug|Any CPU
		{5B5692CF-AA89-46DE-928D-4C75FE72A0B8}.Debug|Any CPU.Build.0 = Debug|Any CPU
		{5B5692CF-AA89-46DE-928D-4C75FE72A0B8}.Release|Any CPU.ActiveCfg = Release|Any CPU
		{5B5692CF-AA89-46DE-928D-4C75FE72A0B8}.Release|Any CPU.Build.0 = Release|Any CPU
	EndGlobalSection
	GlobalSection(SolutionProperties) = preSolution
		HideSolutionNode = FALSE
	EndGlobalSection
EndGlobal
